
Microsoft Visual Studio Solution File, Format Version 12.00
# Visual Studio Version 17
VisualStudioVersion = 17.3.32825.248
MinimumVisualStudioVersion = 10.0.40219.1
Project("{FAE04EC0-301F-11D3-BF4B-00C04F79EFBC}") = "Entities", "Entities\Entities.csproj", "{432C3260-C400-405A-9A9C-FC0547EB49FC}"
EndProject
Project("{FAE04EC0-301F-11D3-BF4B-00C04F79EFBC}") = "DataAccess", "DataAccess\DataAccess.csproj", "{D1FFF355-E8A4-431A-A81F-B244C5FAE10F}"
EndProject
Project("{FAE04EC0-301F-11D3-BF4B-00C04F79EFBC}") = "Business", "Business\Business.csproj", "{33B52FB5-C89B-4859-BBDD-C8DF3C61BAAB}"
EndProject
Project("{FAE04EC0-301F-11D3-BF4B-00C04F79EFBC}") = "Shared", "Shared\Shared.csproj", "{B52C6A0F-6469-4BFE-B7A3-9051804286F5}"
EndProject
Project("{FAE04EC0-301F-11D3-BF4B-00C04F79EFBC}") = "WebAPI", "WebAPI\WebAPI.csproj", "{5C6AC103-3DBC-4E49-AC84-A8EAE60115E5}"
EndProject
Global
	GlobalSection(SolutionConfigurationPlatforms) = preSolution
		Debug|Any CPU = Debug|Any CPU
		Release|Any CPU = Release|Any CPU
	EndGlobalSection
	GlobalSection(ProjectConfigurationPlatforms) = postSolution
		{432C3260-C400-405A-9A9C-FC0547EB49FC}.Debug|Any CPU.ActiveCfg = Debug|Any CPU
		{432C3260-C400-405A-9A9C-FC0547EB49FC}.Debug|Any CPU.Build.0 = Debug|Any CPU
		{432C3260-C400-405A-9A9C-FC0547EB49FC}.Release|Any CPU.ActiveCfg = Release|Any CPU
		{432C3260-C400-405A-9A9C-FC0547EB49FC}.Release|Any CPU.Build.0 = Release|Any CPU
		{D1FFF355-E8A4-431A-A81F-B244C5FAE10F}.Debug|Any CPU.ActiveCfg = Debug|Any CPU
		{D1FFF355-E8A4-431A-A81F-B244C5FAE10F}.Debug|Any CPU.Build.0 = Debug|Any CPU
		{D1FFF355-E8A4-431A-A81F-B244C5FAE10F}.Release|Any CPU.ActiveCfg = Release|Any CPU
		{D1FFF355-E8A4-431A-A81F-B244C5FAE10F}.Release|Any CPU.Build.0 = Release|Any CPU
		{33B52FB5-C89B-4859-BBDD-C8DF3C61BAAB}.Debug|Any CPU.ActiveCfg = Debug|Any CPU
		{33B52FB5-C89B-4859-BBDD-C8DF3C61BAAB}.Debug|Any CPU.Build.0 = Debug|Any CPU
		{33B52FB5-C89B-4859-BBDD-C8DF3C61BAAB}.Release|Any CPU.ActiveCfg = Release|Any CPU
		{33B52FB5-C89B-4859-BBDD-C8DF3C61BAAB}.Release|Any CPU.Build.0 = Release|Any CPU
		{B52C6A0F-6469-4BFE-B7A3-9051804286F5}.Debug|Any CPU.ActiveCfg = Debug|Any CPU
		{B52C6A0F-6469-4BFE-B7A3-9051804286F5}.Debug|Any CPU.Build.0 = Debug|Any CPU
		{B52C6A0F-6469-4BFE-B7A3-9051804286F5}.Release|Any CPU.ActiveCfg = Release|Any CPU
		{B52C6A0F-6469-4BFE-B7A3-9051804286F5}.Release|Any CPU.Build.0 = Release|Any CPU
		{5C6AC103-3DBC-4E49-AC84-A8EAE60115E5}.Debug|Any CPU.ActiveCfg = Debug|Any CPU
		{5C6AC103-3DBC-4E49-AC84-A8EAE60115E5}.Debug|Any CPU.Build.0 = Debug|Any CPU
		{5C6AC103-3DBC-4E49-AC84-A8EAE60115E5}.Release|Any CPU.ActiveCfg = Release|Any CPU
		{5C6AC103-3DBC-4E49-AC84-A8EAE60115E5}.Release|Any CPU.Build.0 = Release|Any CPU
	EndGlobalSection
	GlobalSection(SolutionProperties) = preSolution
		HideSolutionNode = FALSE
	EndGlobalSection
	GlobalSection(ExtensibilityGlobals) = postSolution
		SolutionGuid = {20FCC8E3-8B52-4738-9183-EEFDC884BBFC}
	EndGlobalSection
EndGlobal
